
Microsoft Visual Studio Solution File, Format Version 12.00
# Visual Studio Version 17
VisualStudioVersion = 17.11.35222.181
MinimumVisualStudioVersion = 10.0.40219.1
Project("{8BC9CEB8-8B4A-11D0-8D11-00A0C91BC942}") = "FinalProject", "FinalProject.vcxproj", "{4B0BB49A-1222-43EB-BEBC-5BA2CD37BC64}"
EndProject
Global
	GlobalSection(SolutionConfigurationPlatforms) = preSolution
		Debug|x64 = Debug|x64
		Debug|x86 = Debug|x86
		Release|x64 = Release|x64
		Release|x86 = Release|x86
	EndGlobalSection
	GlobalSection(ProjectConfigurationPlatforms) = postSolution
		{4B0BB49A-1222-43EB-BEBC-5BA2CD37BC64}.Debug|x64.ActiveCfg = Debug|x64
		{4B0BB49A-1222-43EB-BEBC-5BA2CD37BC64}.Debug|x64.Build.0 = Debug|x64
		{4B0BB49A-1222-43EB-BEBC-5BA2CD37BC64}.Debug|x86.ActiveCfg = Debug|Win32
		{4B0BB49A-1222-43EB-BEBC-5BA2CD37BC64}.Debug|x86.Build.0 = Debug|Win32
		{4B0BB49A-1222-43EB-BEBC-5BA2CD37BC64}.Release|x64.ActiveCfg = Release|x64
		{4B0BB49A-1222-43EB-BEBC-5BA2CD37BC64}.Release|x64.Build.0 = Release|x64
		{4B0BB49A-1222-43EB-BEBC-5BA2CD37BC64}.Release|x86.ActiveCfg = Release|Win32
		{4B0BB49A-1222-43EB-BEBC-5BA2CD37BC64}.Release|x86.Build.0 = Release|Win32
	EndGlobalSection
	GlobalSection(SolutionProperties) = preSolution
		HideSolutionNode = FALSE
	EndGlobalSection
	GlobalSection(ExtensibilityGlobals) = postSolution
		SolutionGuid = {2AED9713-8D09-4F8A-BA1C-C2DDBD42E21A}
	EndGlobalSection
EndGlobal
